
Microsoft Visual Studio Solution File, Format Version 12.00
# Visual Studio Version 17
VisualStudioVersion = 17.3.32929.385
MinimumVisualStudioVersion = 10.0.40219.1
Project("{8BC9CEB8-8B4A-11D0-8D11-00A0C91BC942}") = "GAME", "GAME\GAME.vcxproj", "{760B55DB-423C-4C95-86B7-C0EE53EDB695}"
	ProjectSection(ProjectDependencies) = postProject
		{405A19BB-022A-4E12-9739-6C60567AA3ED} = {405A19BB-022A-4E12-9739-6C60567AA3ED}
		{C782B598-641F-48AE-9C95-92A30710A694} = {C782B598-641F-48AE-9C95-92A30710A694}
		{DBD55DDC-1F1A-475F-A1C7-93FDB6E05E70} = {DBD55DDC-1F1A-475F-A1C7-93FDB6E05E70}
	EndProjectSection
EndProject
Project("{8BC9CEB8-8B4A-11D0-8D11-00A0C91BC942}") = "Dungeon", "Dungeon\Dungeon.vcxproj", "{405A19BB-022A-4E12-9739-6C60567AA3ED}"
EndProject
Project("{8BC9CEB8-8B4A-11D0-8D11-00A0C91BC942}") = "Matrix", "Matrix\Matrix.vcxproj", "{C782B598-641F-48AE-9C95-92A30710A694}"
EndProject
Project("{8BC9CEB8-8B4A-11D0-8D11-00A0C91BC942}") = "Sample-Test1", "Sample-Test1\Sample-Test1.vcxproj", "{6AD66FD9-95D7-4BEB-B0EE-76B578DB249F}"
	ProjectSection(ProjectDependencies) = postProject
		{405A19BB-022A-4E12-9739-6C60567AA3ED} = {405A19BB-022A-4E12-9739-6C60567AA3ED}
		{DBD55DDC-1F1A-475F-A1C7-93FDB6E05E70} = {DBD55DDC-1F1A-475F-A1C7-93FDB6E05E70}
		{E15A1A83-0403-4461-A378-9E9940596C2A} = {E15A1A83-0403-4461-A378-9E9940596C2A}
	EndProjectSection
EndProject
Project("{8BC9CEB8-8B4A-11D0-8D11-00A0C91BC942}") = "DungeonNextStep", "DungeonNextStep\DungeonNextStep.vcxproj", "{DBD55DDC-1F1A-475F-A1C7-93FDB6E05E70}"
	ProjectSection(ProjectDependencies) = postProject
		{405A19BB-022A-4E12-9739-6C60567AA3ED} = {405A19BB-022A-4E12-9739-6C60567AA3ED}
	EndProjectSection
EndProject
Project("{8BC9CEB8-8B4A-11D0-8D11-00A0C91BC942}") = "TestThreads", "TestThreads\TestThreads.vcxproj", "{D36536A1-00FD-4B83-90D1-22F4E280593A}"
	ProjectSection(ProjectDependencies) = postProject
		{C782B598-641F-48AE-9C95-92A30710A694} = {C782B598-641F-48AE-9C95-92A30710A694}
	EndProjectSection
EndProject
Project("{8BC9CEB8-8B4A-11D0-8D11-00A0C91BC942}") = "HealingPotion", "HealingPotion\HealingPotion.vcxproj", "{E15A1A83-0403-4461-A378-9E9940596C2A}"
EndProject
Project("{8BC9CEB8-8B4A-11D0-8D11-00A0C91BC942}") = "ExperiencePotion", "ExperiencePotion\ExperiencePotion.vcxproj", "{5F8FC307-2ECD-4024-B407-D6F39B2D79E2}"
	ProjectSection(ProjectDependencies) = postProject
		{405A19BB-022A-4E12-9739-6C60567AA3ED} = {405A19BB-022A-4E12-9739-6C60567AA3ED}
	EndProjectSection
EndProject
Project("{8BC9CEB8-8B4A-11D0-8D11-00A0C91BC942}") = "PoisonPotion", "PoisonPotion\PoisonPotion.vcxproj", "{274076F2-92F8-4847-AF25-FE4551AE5A53}"
	ProjectSection(ProjectDependencies) = postProject
		{405A19BB-022A-4E12-9739-6C60567AA3ED} = {405A19BB-022A-4E12-9739-6C60567AA3ED}
	EndProjectSection
EndProject
Global
	GlobalSection(SolutionConfigurationPlatforms) = preSolution
		Debug|x64 = Debug|x64
		Debug|x86 = Debug|x86
		Release|x64 = Release|x64
		Release|x86 = Release|x86
	EndGlobalSection
	GlobalSection(ProjectConfigurationPlatforms) = postSolution
		{760B55DB-423C-4C95-86B7-C0EE53EDB695}.Debug|x64.ActiveCfg = Debug|x64
		{760B55DB-423C-4C95-86B7-C0EE53EDB695}.Debug|x64.Build.0 = Debug|x64
		{760B55DB-423C-4C95-86B7-C0EE53EDB695}.Debug|x86.ActiveCfg = Debug|Win32
		{760B55DB-423C-4C95-86B7-C0EE53EDB695}.Debug|x86.Build.0 = Debug|Win32
		{760B55DB-423C-4C95-86B7-C0EE53EDB695}.Release|x64.ActiveCfg = Release|x64
		{760B55DB-423C-4C95-86B7-C0EE53EDB695}.Release|x64.Build.0 = Release|x64
		{760B55DB-423C-4C95-86B7-C0EE53EDB695}.Release|x86.ActiveCfg = Release|Win32
		{760B55DB-423C-4C95-86B7-C0EE53EDB695}.Release|x86.Build.0 = Release|Win32
		{405A19BB-022A-4E12-9739-6C60567AA3ED}.Debug|x64.ActiveCfg = Debug|x64
		{405A19BB-022A-4E12-9739-6C60567AA3ED}.Debug|x64.Build.0 = Debug|x64
		{405A19BB-022A-4E12-9739-6C60567AA3ED}.Debug|x86.ActiveCfg = Debug|Win32
		{405A19BB-022A-4E12-9739-6C60567AA3ED}.Debug|x86.Build.0 = Debug|Win32
		{405A19BB-022A-4E12-9739-6C60567AA3ED}.Release|x64.ActiveCfg = Release|x64
		{405A19BB-022A-4E12-9739-6C60567AA3ED}.Release|x64.Build.0 = Release|x64
		{405A19BB-022A-4E12-9739-6C60567AA3ED}.Release|x86.ActiveCfg = Release|Win32
		{405A19BB-022A-4E12-9739-6C60567AA3ED}.Release|x86.Build.0 = Release|Win32
		{C782B598-641F-48AE-9C95-92A30710A694}.Debug|x64.ActiveCfg = Debug|x64
		{C782B598-641F-48AE-9C95-92A30710A694}.Debug|x64.Build.0 = Debug|x64
		{C782B598-641F-48AE-9C95-92A30710A694}.Debug|x86.ActiveCfg = Debug|Win32
		{C782B598-641F-48AE-9C95-92A30710A694}.Debug|x86.Build.0 = Debug|Win32
		{C782B598-641F-48AE-9C95-92A30710A694}.Release|x64.ActiveCfg = Release|x64
		{C782B598-641F-48AE-9C95-92A30710A694}.Release|x64.Build.0 = Release|x64
		{C782B598-641F-48AE-9C95-92A30710A694}.Release|x86.ActiveCfg = Release|Win32
		{C782B598-641F-48AE-9C95-92A30710A694}.Release|x86.Build.0 = Release|Win32
		{6AD66FD9-95D7-4BEB-B0EE-76B578DB249F}.Debug|x64.ActiveCfg = Debug|x64
		{6AD66FD9-95D7-4BEB-B0EE-76B578DB249F}.Debug|x64.Build.0 = Debug|x64
		{6AD66FD9-95D7-4BEB-B0EE-76B578DB249F}.Debug|x86.ActiveCfg = Debug|Win32
		{6AD66FD9-95D7-4BEB-B0EE-76B578DB249F}.Debug|x86.Build.0 = Debug|Win32
		{6AD66FD9-95D7-4BEB-B0EE-76B578DB249F}.Release|x64.ActiveCfg = Release|x64
		{6AD66FD9-95D7-4BEB-B0EE-76B578DB249F}.Release|x64.Build.0 = Release|x64
		{6AD66FD9-95D7-4BEB-B0EE-76B578DB249F}.Release|x86.ActiveCfg = Release|Win32
		{6AD66FD9-95D7-4BEB-B0EE-76B578DB249F}.Release|x86.Build.0 = Release|Win32
		{DBD55DDC-1F1A-475F-A1C7-93FDB6E05E70}.Debug|x64.ActiveCfg = Debug|x64
		{DBD55DDC-1F1A-475F-A1C7-93FDB6E05E70}.Debug|x64.Build.0 = Debug|x64
		{DBD55DDC-1F1A-475F-A1C7-93FDB6E05E70}.Debug|x86.ActiveCfg = Debug|Win32
		{DBD55DDC-1F1A-475F-A1C7-93FDB6E05E70}.Debug|x86.Build.0 = Debug|Win32
		{DBD55DDC-1F1A-475F-A1C7-93FDB6E05E70}.Release|x64.ActiveCfg = Release|x64
		{DBD55DDC-1F1A-475F-A1C7-93FDB6E05E70}.Release|x64.Build.0 = Release|x64
		{DBD55DDC-1F1A-475F-A1C7-93FDB6E05E70}.Release|x86.ActiveCfg = Release|Win32
		{DBD55DDC-1F1A-475F-A1C7-93FDB6E05E70}.Release|x86.Build.0 = Release|Win32
		{D36536A1-00FD-4B83-90D1-22F4E280593A}.Debug|x64.ActiveCfg = Debug|x64
		{D36536A1-00FD-4B83-90D1-22F4E280593A}.Debug|x64.Build.0 = Debug|x64
		{D36536A1-00FD-4B83-90D1-22F4E280593A}.Debug|x86.ActiveCfg = Debug|Win32
		{D36536A1-00FD-4B83-90D1-22F4E280593A}.Debug|x86.Build.0 = Debug|Win32
		{D36536A1-00FD-4B83-90D1-22F4E280593A}.Release|x64.ActiveCfg = Release|x64
		{D36536A1-00FD-4B83-90D1-22F4E280593A}.Release|x64.Build.0 = Release|x64
		{D36536A1-00FD-4B83-90D1-22F4E280593A}.Release|x86.ActiveCfg = Release|Win32
		{D36536A1-00FD-4B83-90D1-22F4E280593A}.Release|x86.Build.0 = Release|Win32
		{E15A1A83-0403-4461-A378-9E9940596C2A}.Debug|x64.ActiveCfg = Debug|x64
		{E15A1A83-0403-4461-A378-9E9940596C2A}.Debug|x64.Build.0 = Debug|x64
		{E15A1A83-0403-4461-A378-9E9940596C2A}.Debug|x86.ActiveCfg = Debug|Win32
		{E15A1A83-0403-4461-A378-9E9940596C2A}.Debug|x86.Build.0 = Debug|Win32
		{E15A1A83-0403-4461-A378-9E9940596C2A}.Release|x64.ActiveCfg = Release|x64
		{E15A1A83-0403-4461-A378-9E9940596C2A}.Release|x64.Build.0 = Release|x64
		{E15A1A83-0403-4461-A378-9E9940596C2A}.Release|x86.ActiveCfg = Release|Win32
		{E15A1A83-0403-4461-A378-9E9940596C2A}.Release|x86.Build.0 = Release|Win32
		{5F8FC307-2ECD-4024-B407-D6F39B2D79E2}.Debug|x64.ActiveCfg = Debug|x64
		{5F8FC307-2ECD-4024-B407-D6F39B2D79E2}.Debug|x64.Build.0 = Debug|x64
		{5F8FC307-2ECD-4024-B407-D6F39B2D79E2}.Debug|x86.ActiveCfg = Debug|Win32
		{5F8FC307-2ECD-4024-B407-D6F39B2D79E2}.Debug|x86.Build.0 = Debug|Win32
		{5F8FC307-2ECD-4024-B407-D6F39B2D79E2}.Release|x64.ActiveCfg = Release|x64
		{5F8FC307-2ECD-4024-B407-D6F39B2D79E2}.Release|x64.Build.0 = Release|x64
		{5F8FC307-2ECD-4024-B407-D6F39B2D79E2}.Release|x86.ActiveCfg = Release|Win32
		{5F8FC307-2ECD-4024-B407-D6F39B2D79E2}.Release|x86.Build.0 = Release|Win32
		{274076F2-92F8-4847-AF25-FE4551AE5A53}.Debug|x64.ActiveCfg = Debug|x64
		{274076F2-92F8-4847-AF25-FE4551AE5A53}.Debug|x64.Build.0 = Debug|x64
		{274076F2-92F8-4847-AF25-FE4551AE5A53}.Debug|x86.ActiveCfg = Debug|Win32
		{274076F2-92F8-4847-AF25-FE4551AE5A53}.Debug|x86.Build.0 = Debug|Win32
		{274076F2-92F8-4847-AF25-FE4551AE5A53}.Release|x64.ActiveCfg = Release|x64
		{274076F2-92F8-4847-AF25-FE4551AE5A53}.Release|x64.Build.0 = Release|x64
		{274076F2-92F8-4847-AF25-FE4551AE5A53}.Release|x86.ActiveCfg = Release|Win32
		{274076F2-92F8-4847-AF25-FE4551AE5A53}.Release|x86.Build.0 = Release|Win32
	EndGlobalSection
	GlobalSection(SolutionProperties) = preSolution
		HideSolutionNode = FALSE
	EndGlobalSection
	GlobalSection(ExtensibilityGlobals) = postSolution
		SolutionGuid = {93B41F2D-4180-4BB4-B5D6-7BD2C9FC69EB}
	EndGlobalSection
EndGlobal
